// !$*UTF8*$!
{
	archiveVersion = 1;
	classes = {
	};
	objectVersion = 46;
	objects = {

/* Begin PBXBuildFile section */
		0207DA581B56EA530066E2B4 /* Images.xcassets in Resources */ = {isa = PBXBuildFile; fileRef = 0207DA571B56EA530066E2B4 /* Images.xcassets */; };
		1729113423EAF92700FC1BD5 /* NSDictionary+CordovaPreferences.m in Sources */ = {isa = PBXBuildFile; fileRef = 172910F423EAF92700FC1BD5 /* NSDictionary+CordovaPreferences.m */; };
		1729113523EAF92700FC1BD5 /* CDVPlugin.m in Sources */ = {isa = PBXBuildFile; fileRef = 172910F623EAF92700FC1BD5 /* CDVPlugin.m */; };
		1729113623EAF92700FC1BD5 /* CDVCommandQueue.m in Sources */ = {isa = PBXBuildFile; fileRef = 172910F823EAF92700FC1BD5 /* CDVCommandQueue.m */; };
		1729113723EAF92700FC1BD5 /* CDVInvokedUrlCommand.m in Sources */ = {isa = PBXBuildFile; fileRef = 172910FA23EAF92700FC1BD5 /* CDVInvokedUrlCommand.m */; };
		1729113823EAF92700FC1BD5 /* CDVPlugin+Resources.m in Sources */ = {isa = PBXBuildFile; fileRef = 172910FB23EAF92700FC1BD5 /* CDVPlugin+Resources.m */; };
		1729113923EAF92700FC1BD5 /* CDVCommandDelegateImpl.m in Sources */ = {isa = PBXBuildFile; fileRef = 172910FC23EAF92700FC1BD5 /* CDVCommandDelegateImpl.m */; };
		1729113A23EAF92700FC1BD5 /* CDVTimer.m in Sources */ = {isa = PBXBuildFile; fileRef = 1729110023EAF92700FC1BD5 /* CDVTimer.m */; };
		1729113B23EAF92700FC1BD5 /* CDVAppDelegate.m in Sources */ = {isa = PBXBuildFile; fileRef = 1729110223EAF92700FC1BD5 /* CDVAppDelegate.m */; };
		1729113C23EAF92700FC1BD5 /* CDVURLProtocol.m in Sources */ = {isa = PBXBuildFile; fileRef = 1729110623EAF92700FC1BD5 /* CDVURLProtocol.m */; };
		1729113D23EAF92700FC1BD5 /* CDVUserAgentUtil.m in Sources */ = {isa = PBXBuildFile; fileRef = 1729110723EAF92700FC1BD5 /* CDVUserAgentUtil.m */; };
		1729113E23EAF92700FC1BD5 /* CDVWhitelist.m in Sources */ = {isa = PBXBuildFile; fileRef = 1729110A23EAF92700FC1BD5 /* CDVWhitelist.m */; };
		1729113F23EAF92700FC1BD5 /* CDVPluginResult.m in Sources */ = {isa = PBXBuildFile; fileRef = 1729111023EAF92700FC1BD5 /* CDVPluginResult.m */; };
		1729114023EAF92700FC1BD5 /* CDVConfigParser.m in Sources */ = {isa = PBXBuildFile; fileRef = 1729111423EAF92700FC1BD5 /* CDVConfigParser.m */; };
		1729114123EAF92700FC1BD5 /* CDVViewController.m in Sources */ = {isa = PBXBuildFile; fileRef = 1729111523EAF92700FC1BD5 /* CDVViewController.m */; };
		1729114223EAF92700FC1BD5 /* NSMutableArray+QueueAdditions.m in Sources */ = {isa = PBXBuildFile; fileRef = 1729111723EAF92700FC1BD5 /* NSMutableArray+QueueAdditions.m */; };
		1729114323EAF92700FC1BD5 /* CDVGestureHandler.m in Sources */ = {isa = PBXBuildFile; fileRef = 1729111D23EAF92700FC1BD5 /* CDVGestureHandler.m */; };
		1729114423EAF92700FC1BD5 /* CDVIntentAndNavigationFilter.m in Sources */ = {isa = PBXBuildFile; fileRef = 1729111F23EAF92700FC1BD5 /* CDVIntentAndNavigationFilter.m */; };
		1729114523EAF92700FC1BD5 /* CDVHandleOpenURL.m in Sources */ = {isa = PBXBuildFile; fileRef = 1729112323EAF92700FC1BD5 /* CDVHandleOpenURL.m */; };
		1729114623EAF92700FC1BD5 /* CDVLogger.m in Sources */ = {isa = PBXBuildFile; fileRef = 1729112623EAF92700FC1BD5 /* CDVLogger.m */; };
		1729114723EAF92700FC1BD5 /* CDVLocalStorage.m in Sources */ = {isa = PBXBuildFile; fileRef = 1729112823EAF92700FC1BD5 /* CDVLocalStorage.m */; };
		1729114823EAF92700FC1BD5 /* CDVUIWebViewDelegate.m in Sources */ = {isa = PBXBuildFile; fileRef = 1729112C23EAF92700FC1BD5 /* CDVUIWebViewDelegate.m */; };
		1729114923EAF92700FC1BD5 /* CDVUIWebViewNavigationDelegate.m in Sources */ = {isa = PBXBuildFile; fileRef = 1729112E23EAF92700FC1BD5 /* CDVUIWebViewNavigationDelegate.m */; };
		1729114A23EAF92700FC1BD5 /* CDVUIWebViewEngine.m in Sources */ = {isa = PBXBuildFile; fileRef = 1729113023EAF92700FC1BD5 /* CDVUIWebViewEngine.m */; };
		1729114B23EAF92700FC1BD5 /* CDVJSON_private.m in Sources */ = {isa = PBXBuildFile; fileRef = 1729113323EAF92700FC1BD5 /* CDVJSON_private.m */; };
		17AA594623EBC1BC00A59D93 /* CDVStripeAlipay.m in Sources */ = {isa = PBXBuildFile; fileRef = 17AA594523EBC1BC00A59D93 /* CDVStripeAlipay.m */; };
		1D3623260D0F684500981E51 /* AppDelegate.m in Sources */ = {isa = PBXBuildFile; fileRef = 1D3623250D0F684500981E51 /* AppDelegate.m */; };
		1D60589B0D05DD56006BFB54 /* main.m in Sources */ = {isa = PBXBuildFile; fileRef = 29B97316FDCFA39411CA2CEA /* main.m */; };
		302D95F114D2391D003F00A1 /* MainViewController.m in Sources */ = {isa = PBXBuildFile; fileRef = 302D95EF14D2391D003F00A1 /* MainViewController.m */; };
		302D95F214D2391D003F00A1 /* MainViewController.xib in Resources */ = {isa = PBXBuildFile; fileRef = 302D95F014D2391D003F00A1 /* MainViewController.xib */; };
		6AFF5BF91D6E424B00AB3073 /* CDVLaunchScreen.storyboard in Resources */ = {isa = PBXBuildFile; fileRef = 6AFF5BF81D6E424B00AB3073 /* CDVLaunchScreen.storyboard */; };
		7C299477FF9FC102300D1A20 /* libPods-HelloCordova.a in Frameworks */ = {isa = PBXBuildFile; fileRef = 52E7739B7B27176F71D8B693 /* libPods-HelloCordova.a */; };
/* End PBXBuildFile section */

/* Begin PBXFileReference section */
		0207DA571B56EA530066E2B4 /* Images.xcassets */ = {isa = PBXFileReference; lastKnownFileType = folder.assetcatalog; name = Images.xcassets; path = HelloCordova/Images.xcassets; sourceTree = SOURCE_ROOT; };
		14A7450723EADCFB007442D8 /* JavaScriptCore.framework */ = {isa = PBXFileReference; lastKnownFileType = wrapper.framework; name = JavaScriptCore.framework; path = System/Library/Frameworks/JavaScriptCore.framework; sourceTree = SDKROOT; };
		172910F423EAF92700FC1BD5 /* NSDictionary+CordovaPreferences.m */ = {isa = PBXFileReference; fileEncoding = 4; lastKnownFileType = sourcecode.c.objc; path = "NSDictionary+CordovaPreferences.m"; sourceTree = "<group>"; };
		172910F523EAF92700FC1BD5 /* CDVWhitelist.h */ = {isa = PBXFileReference; fileEncoding = 4; lastKnownFileType = sourcecode.c.h; path = CDVWhitelist.h; sourceTree = "<group>"; };
		172910F623EAF92700FC1BD5 /* CDVPlugin.m */ = {isa = PBXFileReference; fileEncoding = 4; lastKnownFileType = sourcecode.c.objc; path = CDVPlugin.m; sourceTree = "<group>"; };
		172910F723EAF92700FC1BD5 /* CDVUserAgentUtil.h */ = {isa = PBXFileReference; fileEncoding = 4; lastKnownFileType = sourcecode.c.h; path = CDVUserAgentUtil.h; sourceTree = "<group>"; };
		172910F823EAF92700FC1BD5 /* CDVCommandQueue.m */ = {isa = PBXFileReference; fileEncoding = 4; lastKnownFileType = sourcecode.c.objc; path = CDVCommandQueue.m; sourceTree = "<group>"; };
		172910F923EAF92700FC1BD5 /* CDVPluginResult.h */ = {isa = PBXFileReference; fileEncoding = 4; lastKnownFileType = sourcecode.c.h; path = CDVPluginResult.h; sourceTree = "<group>"; };
		172910FA23EAF92700FC1BD5 /* CDVInvokedUrlCommand.m */ = {isa = PBXFileReference; fileEncoding = 4; lastKnownFileType = sourcecode.c.objc; path = CDVInvokedUrlCommand.m; sourceTree = "<group>"; };
		172910FB23EAF92700FC1BD5 /* CDVPlugin+Resources.m */ = {isa = PBXFileReference; fileEncoding = 4; lastKnownFileType = sourcecode.c.objc; path = "CDVPlugin+Resources.m"; sourceTree = "<group>"; };
		172910FC23EAF92700FC1BD5 /* CDVCommandDelegateImpl.m */ = {isa = PBXFileReference; fileEncoding = 4; lastKnownFileType = sourcecode.c.objc; path = CDVCommandDelegateImpl.m; sourceTree = "<group>"; };
		172910FD23EAF92700FC1BD5 /* CDVAvailability.h */ = {isa = PBXFileReference; fileEncoding = 4; lastKnownFileType = sourcecode.c.h; path = CDVAvailability.h; sourceTree = "<group>"; };
		172910FE23EAF92700FC1BD5 /* CDVViewController.h */ = {isa = PBXFileReference; fileEncoding = 4; lastKnownFileType = sourcecode.c.h; path = CDVViewController.h; sourceTree = "<group>"; };
		172910FF23EAF92700FC1BD5 /* CDVConfigParser.h */ = {isa = PBXFileReference; fileEncoding = 4; lastKnownFileType = sourcecode.c.h; path = CDVConfigParser.h; sourceTree = "<group>"; };
		1729110023EAF92700FC1BD5 /* CDVTimer.m */ = {isa = PBXFileReference; fileEncoding = 4; lastKnownFileType = sourcecode.c.objc; path = CDVTimer.m; sourceTree = "<group>"; };
		1729110123EAF92700FC1BD5 /* CDVAvailabilityDeprecated.h */ = {isa = PBXFileReference; fileEncoding = 4; lastKnownFileType = sourcecode.c.h; path = CDVAvailabilityDeprecated.h; sourceTree = "<group>"; };
		1729110223EAF92700FC1BD5 /* CDVAppDelegate.m */ = {isa = PBXFileReference; fileEncoding = 4; lastKnownFileType = sourcecode.c.objc; path = CDVAppDelegate.m; sourceTree = "<group>"; };
		1729110323EAF92700FC1BD5 /* NSMutableArray+QueueAdditions.h */ = {isa = PBXFileReference; fileEncoding = 4; lastKnownFileType = sourcecode.c.h; path = "NSMutableArray+QueueAdditions.h"; sourceTree = "<group>"; };
		1729110423EAF92700FC1BD5 /* CDVScreenOrientationDelegate.h */ = {isa = PBXFileReference; fileEncoding = 4; lastKnownFileType = sourcecode.c.h; path = CDVScreenOrientationDelegate.h; sourceTree = "<group>"; };
		1729110523EAF92700FC1BD5 /* CDV.h */ = {isa = PBXFileReference; fileEncoding = 4; lastKnownFileType = sourcecode.c.h; path = CDV.h; sourceTree = "<group>"; };
		1729110623EAF92700FC1BD5 /* CDVURLProtocol.m */ = {isa = PBXFileReference; fileEncoding = 4; lastKnownFileType = sourcecode.c.objc; path = CDVURLProtocol.m; sourceTree = "<group>"; };
		1729110723EAF92700FC1BD5 /* CDVUserAgentUtil.m */ = {isa = PBXFileReference; fileEncoding = 4; lastKnownFileType = sourcecode.c.objc; path = CDVUserAgentUtil.m; sourceTree = "<group>"; };
		1729110823EAF92700FC1BD5 /* CDVPlugin.h */ = {isa = PBXFileReference; fileEncoding = 4; lastKnownFileType = sourcecode.c.h; path = CDVPlugin.h; sourceTree = "<group>"; };
		1729110923EAF92700FC1BD5 /* CDVWebViewEngineProtocol.h */ = {isa = PBXFileReference; fileEncoding = 4; lastKnownFileType = sourcecode.c.h; path = CDVWebViewEngineProtocol.h; sourceTree = "<group>"; };
		1729110A23EAF92700FC1BD5 /* CDVWhitelist.m */ = {isa = PBXFileReference; fileEncoding = 4; lastKnownFileType = sourcecode.c.objc; path = CDVWhitelist.m; sourceTree = "<group>"; };
		1729110B23EAF92700FC1BD5 /* NSDictionary+CordovaPreferences.h */ = {isa = PBXFileReference; fileEncoding = 4; lastKnownFileType = sourcecode.c.h; path = "NSDictionary+CordovaPreferences.h"; sourceTree = "<group>"; };
		1729110C23EAF92700FC1BD5 /* CDVCommandDelegateImpl.h */ = {isa = PBXFileReference; fileEncoding = 4; lastKnownFileType = sourcecode.c.h; path = CDVCommandDelegateImpl.h; sourceTree = "<group>"; };
		1729110D23EAF92700FC1BD5 /* CDVInvokedUrlCommand.h */ = {isa = PBXFileReference; fileEncoding = 4; lastKnownFileType = sourcecode.c.h; path = CDVInvokedUrlCommand.h; sourceTree = "<group>"; };
		1729110E23EAF92700FC1BD5 /* CDVPlugin+Resources.h */ = {isa = PBXFileReference; fileEncoding = 4; lastKnownFileType = sourcecode.c.h; path = "CDVPlugin+Resources.h"; sourceTree = "<group>"; };
		1729110F23EAF92700FC1BD5 /* CDVCommandQueue.h */ = {isa = PBXFileReference; fileEncoding = 4; lastKnownFileType = sourcecode.c.h; path = CDVCommandQueue.h; sourceTree = "<group>"; };
		1729111023EAF92700FC1BD5 /* CDVPluginResult.m */ = {isa = PBXFileReference; fileEncoding = 4; lastKnownFileType = sourcecode.c.objc; path = CDVPluginResult.m; sourceTree = "<group>"; };
		1729111123EAF92700FC1BD5 /* CDVCommandDelegate.h */ = {isa = PBXFileReference; fileEncoding = 4; lastKnownFileType = sourcecode.c.h; path = CDVCommandDelegate.h; sourceTree = "<group>"; };
		1729111223EAF92700FC1BD5 /* CDVAppDelegate.h */ = {isa = PBXFileReference; fileEncoding = 4; lastKnownFileType = sourcecode.c.h; path = CDVAppDelegate.h; sourceTree = "<group>"; };
		1729111323EAF92700FC1BD5 /* CDVTimer.h */ = {isa = PBXFileReference; fileEncoding = 4; lastKnownFileType = sourcecode.c.h; path = CDVTimer.h; sourceTree = "<group>"; };
		1729111423EAF92700FC1BD5 /* CDVConfigParser.m */ = {isa = PBXFileReference; fileEncoding = 4; lastKnownFileType = sourcecode.c.objc; path = CDVConfigParser.m; sourceTree = "<group>"; };
		1729111523EAF92700FC1BD5 /* CDVViewController.m */ = {isa = PBXFileReference; fileEncoding = 4; lastKnownFileType = sourcecode.c.objc; path = CDVViewController.m; sourceTree = "<group>"; };
		1729111623EAF92700FC1BD5 /* CDVURLProtocol.h */ = {isa = PBXFileReference; fileEncoding = 4; lastKnownFileType = sourcecode.c.h; path = CDVURLProtocol.h; sourceTree = "<group>"; };
		1729111723EAF92700FC1BD5 /* NSMutableArray+QueueAdditions.m */ = {isa = PBXFileReference; fileEncoding = 4; lastKnownFileType = sourcecode.c.objc; path = "NSMutableArray+QueueAdditions.m"; sourceTree = "<group>"; };
		1729111923EAF92700FC1BD5 /* CDVPlugin+Private.h */ = {isa = PBXFileReference; fileEncoding = 4; lastKnownFileType = sourcecode.c.h; path = "CDVPlugin+Private.h"; sourceTree = "<group>"; };
		1729111C23EAF92700FC1BD5 /* CDVGestureHandler.h */ = {isa = PBXFileReference; fileEncoding = 4; lastKnownFileType = sourcecode.c.h; path = CDVGestureHandler.h; sourceTree = "<group>"; };
		1729111D23EAF92700FC1BD5 /* CDVGestureHandler.m */ = {isa = PBXFileReference; fileEncoding = 4; lastKnownFileType = sourcecode.c.objc; path = CDVGestureHandler.m; sourceTree = "<group>"; };
		1729111F23EAF92700FC1BD5 /* CDVIntentAndNavigationFilter.m */ = {isa = PBXFileReference; fileEncoding = 4; lastKnownFileType = sourcecode.c.objc; path = CDVIntentAndNavigationFilter.m; sourceTree = "<group>"; };
		1729112023EAF92700FC1BD5 /* CDVIntentAndNavigationFilter.h */ = {isa = PBXFileReference; fileEncoding = 4; lastKnownFileType = sourcecode.c.h; path = CDVIntentAndNavigationFilter.h; sourceTree = "<group>"; };
		1729112223EAF92700FC1BD5 /* CDVHandleOpenURL.h */ = {isa = PBXFileReference; fileEncoding = 4; lastKnownFileType = sourcecode.c.h; path = CDVHandleOpenURL.h; sourceTree = "<group>"; };
		1729112323EAF92700FC1BD5 /* CDVHandleOpenURL.m */ = {isa = PBXFileReference; fileEncoding = 4; lastKnownFileType = sourcecode.c.objc; path = CDVHandleOpenURL.m; sourceTree = "<group>"; };
		1729112523EAF92700FC1BD5 /* CDVLogger.h */ = {isa = PBXFileReference; fileEncoding = 4; lastKnownFileType = sourcecode.c.h; path = CDVLogger.h; sourceTree = "<group>"; };
		1729112623EAF92700FC1BD5 /* CDVLogger.m */ = {isa = PBXFileReference; fileEncoding = 4; lastKnownFileType = sourcecode.c.objc; path = CDVLogger.m; sourceTree = "<group>"; };
		1729112823EAF92700FC1BD5 /* CDVLocalStorage.m */ = {isa = PBXFileReference; fileEncoding = 4; lastKnownFileType = sourcecode.c.objc; path = CDVLocalStorage.m; sourceTree = "<group>"; };
		1729112923EAF92700FC1BD5 /* CDVLocalStorage.h */ = {isa = PBXFileReference; fileEncoding = 4; lastKnownFileType = sourcecode.c.h; path = CDVLocalStorage.h; sourceTree = "<group>"; };
		1729112B23EAF92700FC1BD5 /* CDVUIWebViewNavigationDelegate.h */ = {isa = PBXFileReference; fileEncoding = 4; lastKnownFileType = sourcecode.c.h; path = CDVUIWebViewNavigationDelegate.h; sourceTree = "<group>"; };
		1729112C23EAF92700FC1BD5 /* CDVUIWebViewDelegate.m */ = {isa = PBXFileReference; fileEncoding = 4; lastKnownFileType = sourcecode.c.objc; path = CDVUIWebViewDelegate.m; sourceTree = "<group>"; };
		1729112D23EAF92700FC1BD5 /* CDVUIWebViewEngine.h */ = {isa = PBXFileReference; fileEncoding = 4; lastKnownFileType = sourcecode.c.h; path = CDVUIWebViewEngine.h; sourceTree = "<group>"; };
		1729112E23EAF92700FC1BD5 /* CDVUIWebViewNavigationDelegate.m */ = {isa = PBXFileReference; fileEncoding = 4; lastKnownFileType = sourcecode.c.objc; path = CDVUIWebViewNavigationDelegate.m; sourceTree = "<group>"; };
		1729112F23EAF92700FC1BD5 /* CDVUIWebViewDelegate.h */ = {isa = PBXFileReference; fileEncoding = 4; lastKnownFileType = sourcecode.c.h; path = CDVUIWebViewDelegate.h; sourceTree = "<group>"; };
		1729113023EAF92700FC1BD5 /* CDVUIWebViewEngine.m */ = {isa = PBXFileReference; fileEncoding = 4; lastKnownFileType = sourcecode.c.objc; path = CDVUIWebViewEngine.m; sourceTree = "<group>"; };
		1729113123EAF92700FC1BD5 /* CDVDebug.h */ = {isa = PBXFileReference; fileEncoding = 4; lastKnownFileType = sourcecode.c.h; path = CDVDebug.h; sourceTree = "<group>"; };
		1729113223EAF92700FC1BD5 /* CDVJSON_private.h */ = {isa = PBXFileReference; fileEncoding = 4; lastKnownFileType = sourcecode.c.h; path = CDVJSON_private.h; sourceTree = "<group>"; };
		1729113323EAF92700FC1BD5 /* CDVJSON_private.m */ = {isa = PBXFileReference; fileEncoding = 4; lastKnownFileType = sourcecode.c.objc; path = CDVJSON_private.m; sourceTree = "<group>"; };
		1782199F23EBB0060069A195 /* Pods_HelloCordova.framework */ = {isa = PBXFileReference; explicitFileType = wrapper.framework; path = Pods_HelloCordova.framework; sourceTree = BUILT_PRODUCTS_DIR; };
		17AA594423EBC1BC00A59D93 /* CDVStripeAlipay.h */ = {isa = PBXFileReference; fileEncoding = 4; lastKnownFileType = sourcecode.c.h; name = CDVStripeAlipay.h; path = "cordova-plugin-stripe-alipay/CDVStripeAlipay.h"; sourceTree = "<group>"; };
		17AA594523EBC1BC00A59D93 /* CDVStripeAlipay.m */ = {isa = PBXFileReference; fileEncoding = 4; lastKnownFileType = sourcecode.c.objc; name = CDVStripeAlipay.m; path = "cordova-plugin-stripe-alipay/CDVStripeAlipay.m"; sourceTree = "<group>"; };
		1D3623240D0F684500981E51 /* AppDelegate.h */ = {isa = PBXFileReference; fileEncoding = 4; lastKnownFileType = sourcecode.c.h; path = AppDelegate.h; sourceTree = "<group>"; };
		1D3623250D0F684500981E51 /* AppDelegate.m */ = {isa = PBXFileReference; fileEncoding = 4; lastKnownFileType = sourcecode.c.objc; path = AppDelegate.m; sourceTree = "<group>"; };
		1D6058910D05DD3D006BFB54 /* HelloCordova.app */ = {isa = PBXFileReference; explicitFileType = wrapper.application; includeInIndex = 0; path = HelloCordova.app; sourceTree = BUILT_PRODUCTS_DIR; };
		29B97316FDCFA39411CA2CEA /* main.m */ = {isa = PBXFileReference; fileEncoding = 4; lastKnownFileType = sourcecode.c.objc; path = main.m; sourceTree = "<group>"; };
		2DE16F6DEDE01AA79EE8DA5E /* Pods-HelloCordova.release.xcconfig */ = {isa = PBXFileReference; includeInIndex = 1; lastKnownFileType = text.xcconfig; name = "Pods-HelloCordova.release.xcconfig"; path = "Target Support Files/Pods-HelloCordova/Pods-HelloCordova.release.xcconfig"; sourceTree = "<group>"; };
		301BF56E109A69640062928A /* www */ = {isa = PBXFileReference; lastKnownFileType = folder; path = www; sourceTree = SOURCE_ROOT; };
		302D95EE14D2391D003F00A1 /* MainViewController.h */ = {isa = PBXFileReference; fileEncoding = 4; lastKnownFileType = sourcecode.c.h; path = MainViewController.h; sourceTree = "<group>"; };
		302D95EF14D2391D003F00A1 /* MainViewController.m */ = {isa = PBXFileReference; fileEncoding = 4; lastKnownFileType = sourcecode.c.objc; path = MainViewController.m; sourceTree = "<group>"; };
		302D95F014D2391D003F00A1 /* MainViewController.xib */ = {isa = PBXFileReference; fileEncoding = 4; lastKnownFileType = file.xib; path = MainViewController.xib; sourceTree = "<group>"; };
		3047A50F1AB8059700498E2A /* build-debug.xcconfig */ = {isa = PBXFileReference; fileEncoding = 4; lastKnownFileType = text.xcconfig; name = "build-debug.xcconfig"; path = "cordova/build-debug.xcconfig"; sourceTree = SOURCE_ROOT; };
		3047A5101AB8059700498E2A /* build-release.xcconfig */ = {isa = PBXFileReference; fileEncoding = 4; lastKnownFileType = text.xcconfig; name = "build-release.xcconfig"; path = "cordova/build-release.xcconfig"; sourceTree = SOURCE_ROOT; };
		3047A5111AB8059700498E2A /* build.xcconfig */ = {isa = PBXFileReference; fileEncoding = 4; lastKnownFileType = text.xcconfig; name = build.xcconfig; path = cordova/build.xcconfig; sourceTree = SOURCE_ROOT; };
		32CA4F630368D1EE00C91783 /* HelloCordova-Prefix.pch */ = {isa = PBXFileReference; fileEncoding = 4; lastKnownFileType = sourcecode.c.h; path = "HelloCordova-Prefix.pch"; sourceTree = "<group>"; };
		52E7739B7B27176F71D8B693 /* libPods-HelloCordova.a */ = {isa = PBXFileReference; explicitFileType = archive.ar; includeInIndex = 0; path = "libPods-HelloCordova.a"; sourceTree = BUILT_PRODUCTS_DIR; };
		59794B202804DF1C7AAA56DA /* Pods-HelloCordova.debug.xcconfig */ = {isa = PBXFileReference; includeInIndex = 1; lastKnownFileType = text.xcconfig; name = "Pods-HelloCordova.debug.xcconfig"; path = "Target Support Files/Pods-HelloCordova/Pods-HelloCordova.debug.xcconfig"; sourceTree = "<group>"; };
		6AFF5BF81D6E424B00AB3073 /* CDVLaunchScreen.storyboard */ = {isa = PBXFileReference; fileEncoding = 4; lastKnownFileType = file.storyboard; name = CDVLaunchScreen.storyboard; path = HelloCordova/CDVLaunchScreen.storyboard; sourceTree = SOURCE_ROOT; };
		8D1107310486CEB800E47090 /* HelloCordova-Info.plist */ = {isa = PBXFileReference; fileEncoding = 4; lastKnownFileType = text.plist.xml; name = "HelloCordova-Info.plist"; path = "HelloCordova/HelloCordova-Info.plist"; plistStructureDefinitionIdentifier = "com.apple.xcode.plist.structure-definition.iphone.info-plist"; sourceTree = SOURCE_ROOT; };
		EB87FDF31871DA8E0020F90C /* www */ = {isa = PBXFileReference; lastKnownFileType = folder; name = www; path = ../../www; sourceTree = "<group>"; };
		EB87FDF41871DAF40020F90C /* config.xml */ = {isa = PBXFileReference; lastKnownFileType = text.xml; name = config.xml; path = ../../config.xml; sourceTree = "<group>"; };
		EBD06A82D4F9A990FC63A4C6 /* Pods_HelloCordova.framework */ = {isa = PBXFileReference; explicitFileType = wrapper.framework; includeInIndex = 0; path = Pods_HelloCordova.framework; sourceTree = BUILT_PRODUCTS_DIR; };
		ED33DF2A687741AEAF9F8254 /* Bridging-Header.h */ = {isa = PBXFileReference; fileEncoding = 4; lastKnownFileType = sourcecode.c.h; path = "Bridging-Header.h"; sourceTree = "<group>"; };
		F840E1F0165FE0F500CFE078 /* config.xml */ = {isa = PBXFileReference; lastKnownFileType = text.xml; name = config.xml; path = HelloCordova/config.xml; sourceTree = "<group>"; };
/* End PBXFileReference section */

/* Begin PBXFrameworksBuildPhase section */
		1D60588F0D05DD3D006BFB54 /* Frameworks */ = {
			isa = PBXFrameworksBuildPhase;
			buildActionMask = 2147483647;
			files = (
				7C299477FF9FC102300D1A20 /* libPods-HelloCordova.a in Frameworks */,
			);
			runOnlyForDeploymentPostprocessing = 0;
		};
/* End PBXFrameworksBuildPhase section */

/* Begin PBXGroup section */
		080E96DDFE201D6D7F000001 /* Classes */ = {
			isa = PBXGroup;
			children = (
				302D95EE14D2391D003F00A1 /* MainViewController.h */,
				302D95EF14D2391D003F00A1 /* MainViewController.m */,
				302D95F014D2391D003F00A1 /* MainViewController.xib */,
				1D3623240D0F684500981E51 /* AppDelegate.h */,
				1D3623250D0F684500981E51 /* AppDelegate.m */,
			);
			name = Classes;
			path = HelloCordova/Classes;
			sourceTree = SOURCE_ROOT;
		};
		172910F223EAF92700FC1BD5 /* Cordoval */ = {
			isa = PBXGroup;
			children = (
				172910F323EAF92700FC1BD5 /* Public */,
				1729111823EAF92700FC1BD5 /* Private */,
			);
			path = Cordoval;
			sourceTree = "<group>";
		};
		172910F323EAF92700FC1BD5 /* Public */ = {
			isa = PBXGroup;
			children = (
				1729110523EAF92700FC1BD5 /* CDV.h */,
				1729111223EAF92700FC1BD5 /* CDVAppDelegate.h */,
				1729110223EAF92700FC1BD5 /* CDVAppDelegate.m */,
				172910FD23EAF92700FC1BD5 /* CDVAvailability.h */,
				1729110123EAF92700FC1BD5 /* CDVAvailabilityDeprecated.h */,
				1729111123EAF92700FC1BD5 /* CDVCommandDelegate.h */,
				1729110C23EAF92700FC1BD5 /* CDVCommandDelegateImpl.h */,
				172910FC23EAF92700FC1BD5 /* CDVCommandDelegateImpl.m */,
				1729110F23EAF92700FC1BD5 /* CDVCommandQueue.h */,
				172910F823EAF92700FC1BD5 /* CDVCommandQueue.m */,
				172910FF23EAF92700FC1BD5 /* CDVConfigParser.h */,
				1729111423EAF92700FC1BD5 /* CDVConfigParser.m */,
				1729110D23EAF92700FC1BD5 /* CDVInvokedUrlCommand.h */,
				172910FA23EAF92700FC1BD5 /* CDVInvokedUrlCommand.m */,
				1729110823EAF92700FC1BD5 /* CDVPlugin.h */,
				172910F623EAF92700FC1BD5 /* CDVPlugin.m */,
				1729110E23EAF92700FC1BD5 /* CDVPlugin+Resources.h */,
				172910FB23EAF92700FC1BD5 /* CDVPlugin+Resources.m */,
				172910F923EAF92700FC1BD5 /* CDVPluginResult.h */,
				1729111023EAF92700FC1BD5 /* CDVPluginResult.m */,
				1729110423EAF92700FC1BD5 /* CDVScreenOrientationDelegate.h */,
				1729111323EAF92700FC1BD5 /* CDVTimer.h */,
				1729110023EAF92700FC1BD5 /* CDVTimer.m */,
				1729111623EAF92700FC1BD5 /* CDVURLProtocol.h */,
				1729110623EAF92700FC1BD5 /* CDVURLProtocol.m */,
				172910F723EAF92700FC1BD5 /* CDVUserAgentUtil.h */,
				1729110723EAF92700FC1BD5 /* CDVUserAgentUtil.m */,
				172910FE23EAF92700FC1BD5 /* CDVViewController.h */,
				1729111523EAF92700FC1BD5 /* CDVViewController.m */,
				1729110923EAF92700FC1BD5 /* CDVWebViewEngineProtocol.h */,
				172910F523EAF92700FC1BD5 /* CDVWhitelist.h */,
				1729110A23EAF92700FC1BD5 /* CDVWhitelist.m */,
				1729110B23EAF92700FC1BD5 /* NSDictionary+CordovaPreferences.h */,
				172910F423EAF92700FC1BD5 /* NSDictionary+CordovaPreferences.m */,
				1729110323EAF92700FC1BD5 /* NSMutableArray+QueueAdditions.h */,
				1729111723EAF92700FC1BD5 /* NSMutableArray+QueueAdditions.m */,
			);
			path = Public;
			sourceTree = "<group>";
		};
		1729111823EAF92700FC1BD5 /* Private */ = {
			isa = PBXGroup;
			children = (
				1729113123EAF92700FC1BD5 /* CDVDebug.h */,
				1729113223EAF92700FC1BD5 /* CDVJSON_private.h */,
				1729113323EAF92700FC1BD5 /* CDVJSON_private.m */,
				1729111923EAF92700FC1BD5 /* CDVPlugin+Private.h */,
				1729111A23EAF92700FC1BD5 /* Plugins */,
			);
			path = Private;
			sourceTree = "<group>";
		};
		1729111A23EAF92700FC1BD5 /* Plugins */ = {
			isa = PBXGroup;
			children = (
				1729111B23EAF92700FC1BD5 /* CDVGestureHandler */,
				1729111E23EAF92700FC1BD5 /* CDVIntentAndNavigationFilter */,
				1729112123EAF92700FC1BD5 /* CDVHandleOpenURL */,
				1729112423EAF92700FC1BD5 /* CDVLogger */,
				1729112723EAF92700FC1BD5 /* CDVLocalStorage */,
				1729112A23EAF92700FC1BD5 /* CDVUIWebViewEngine */,
			);
			path = Plugins;
			sourceTree = "<group>";
		};
		1729111B23EAF92700FC1BD5 /* CDVGestureHandler */ = {
			isa = PBXGroup;
			children = (
				1729111C23EAF92700FC1BD5 /* CDVGestureHandler.h */,
				1729111D23EAF92700FC1BD5 /* CDVGestureHandler.m */,
			);
			path = CDVGestureHandler;
			sourceTree = "<group>";
		};
		1729111E23EAF92700FC1BD5 /* CDVIntentAndNavigationFilter */ = {
			isa = PBXGroup;
			children = (
				1729111F23EAF92700FC1BD5 /* CDVIntentAndNavigationFilter.m */,
				1729112023EAF92700FC1BD5 /* CDVIntentAndNavigationFilter.h */,
			);
			path = CDVIntentAndNavigationFilter;
			sourceTree = "<group>";
		};
		1729112123EAF92700FC1BD5 /* CDVHandleOpenURL */ = {
			isa = PBXGroup;
			children = (
				1729112223EAF92700FC1BD5 /* CDVHandleOpenURL.h */,
				1729112323EAF92700FC1BD5 /* CDVHandleOpenURL.m */,
			);
			path = CDVHandleOpenURL;
			sourceTree = "<group>";
		};
		1729112423EAF92700FC1BD5 /* CDVLogger */ = {
			isa = PBXGroup;
			children = (
				1729112523EAF92700FC1BD5 /* CDVLogger.h */,
				1729112623EAF92700FC1BD5 /* CDVLogger.m */,
			);
			path = CDVLogger;
			sourceTree = "<group>";
		};
		1729112723EAF92700FC1BD5 /* CDVLocalStorage */ = {
			isa = PBXGroup;
			children = (
				1729112823EAF92700FC1BD5 /* CDVLocalStorage.m */,
				1729112923EAF92700FC1BD5 /* CDVLocalStorage.h */,
			);
			path = CDVLocalStorage;
			sourceTree = "<group>";
		};
		1729112A23EAF92700FC1BD5 /* CDVUIWebViewEngine */ = {
			isa = PBXGroup;
			children = (
				1729112B23EAF92700FC1BD5 /* CDVUIWebViewNavigationDelegate.h */,
				1729112C23EAF92700FC1BD5 /* CDVUIWebViewDelegate.m */,
				1729112D23EAF92700FC1BD5 /* CDVUIWebViewEngine.h */,
				1729112E23EAF92700FC1BD5 /* CDVUIWebViewNavigationDelegate.m */,
				1729112F23EAF92700FC1BD5 /* CDVUIWebViewDelegate.h */,
				1729113023EAF92700FC1BD5 /* CDVUIWebViewEngine.m */,
			);
			path = CDVUIWebViewEngine;
			sourceTree = "<group>";
		};
		1782199923EBA6230069A195 /* Recovered References */ = {
			isa = PBXGroup;
			children = (
				EBD06A82D4F9A990FC63A4C6 /* Pods_HelloCordova.framework */,
				1782199F23EBB0060069A195 /* Pods_HelloCordova.framework */,
			);
			name = "Recovered References";
			sourceTree = "<group>";
		};
		19C28FACFE9D520D11CA2CBB /* Products */ = {
			isa = PBXGroup;
			children = (
				1D6058910D05DD3D006BFB54 /* HelloCordova.app */,
			);
			name = Products;
			sourceTree = "<group>";
		};
		29B97314FDCFA39411CA2CEA /* CustomTemplate */ = {
			isa = PBXGroup;
			children = (
				EB87FDF41871DAF40020F90C /* config.xml */,
				EB87FDF31871DA8E0020F90C /* www */,
				EB87FDF11871DA420020F90C /* Staging */,
				172910F223EAF92700FC1BD5 /* Cordoval */,
				080E96DDFE201D6D7F000001 /* Classes */,
				307C750510C5A3420062BCA9 /* Plugins */,
				29B97315FDCFA39411CA2CEA /* Other Sources */,
				29B97317FDCFA39411CA2CEA /* Resource */,
				29B97323FDCFA39411CA2CEA /* Frameworks */,
				19C28FACFE9D520D11CA2CBB /* Products */,
				9A22460991BD466B8DB79EFB /* Pods */,
				1782199923EBA6230069A195 /* Recovered References */,
			);
			name = CustomTemplate;
			sourceTree = "<group>";
		};
		29B97315FDCFA39411CA2CEA /* Other Sources */ = {
			isa = PBXGroup;
			children = (
				32CA4F630368D1EE00C91783 /* HelloCordova-Prefix.pch */,
				29B97316FDCFA39411CA2CEA /* main.m */,
				ED33DF2A687741AEAF9F8254 /* Bridging-Header.h */,
			);
			name = "Other Sources";
			path = HelloCordova;
			sourceTree = "<group>";
		};
		29B97317FDCFA39411CA2CEA /* Resource */ = {
			isa = PBXGroup;
			children = (
				0207DA571B56EA530066E2B4 /* Images.xcassets */,
				3047A50E1AB8057F00498E2A /* config */,
				8D1107310486CEB800E47090 /* HelloCordova-Info.plist */,
				6AFF5BF81D6E424B00AB3073 /* CDVLaunchScreen.storyboard */,
			);
			name = Resource;
			path = HelloCordova/Resource;
			sourceTree = "<group>";
		};
		29B97323FDCFA39411CA2CEA /* Frameworks */ = {
			isa = PBXGroup;
			children = (
				14A7450723EADCFB007442D8 /* JavaScriptCore.framework */,
				52E7739B7B27176F71D8B693 /* libPods-HelloCordova.a */,
			);
			name = Frameworks;
			sourceTree = "<group>";
		};
		3047A50E1AB8057F00498E2A /* config */ = {
			isa = PBXGroup;
			children = (
				3047A50F1AB8059700498E2A /* build-debug.xcconfig */,
				3047A5101AB8059700498E2A /* build-release.xcconfig */,
				3047A5111AB8059700498E2A /* build.xcconfig */,
			);
			name = config;
			sourceTree = "<group>";
		};
		307C750510C5A3420062BCA9 /* Plugins */ = {
			isa = PBXGroup;
			children = (
				17AA594423EBC1BC00A59D93 /* CDVStripeAlipay.h */,
				17AA594523EBC1BC00A59D93 /* CDVStripeAlipay.m */,
			);
			name = Plugins;
			path = HelloCordova/Plugins;
			sourceTree = SOURCE_ROOT;
		};
		9A22460991BD466B8DB79EFB /* Pods */ = {
			isa = PBXGroup;
			children = (
				59794B202804DF1C7AAA56DA /* Pods-HelloCordova.debug.xcconfig */,
				2DE16F6DEDE01AA79EE8DA5E /* Pods-HelloCordova.release.xcconfig */,
			);
			path = Pods;
			sourceTree = "<group>";
		};
		EB87FDF11871DA420020F90C /* Staging */ = {
			isa = PBXGroup;
			children = (
				F840E1F0165FE0F500CFE078 /* config.xml */,
				301BF56E109A69640062928A /* www */,
			);
			name = Staging;
			sourceTree = "<group>";
		};
/* End PBXGroup section */

/* Begin PBXNativeTarget section */
		1D6058900D05DD3D006BFB54 /* HelloCordova */ = {
			isa = PBXNativeTarget;
			buildConfigurationList = 1D6058960D05DD3E006BFB54 /* Build configuration list for PBXNativeTarget "HelloCordova" */;
			buildPhases = (
				FE0A4BB5356842A32728E8D1 /* [CP] Check Pods Manifest.lock */,
				304B58A110DAC018002A0835 /* Copy www directory */,
				1D60588D0D05DD3D006BFB54 /* Resources */,
				1D60588E0D05DD3D006BFB54 /* Sources */,
				1D60588F0D05DD3D006BFB54 /* Frameworks */,
				B5C65D698BD05A9C8FB72535 /* [CP] Copy Pods Resources */,
			);
			buildRules = (
			);
			dependencies = (
			);
			name = HelloCordova;
			productName = HelloCordova;
			productReference = 1D6058910D05DD3D006BFB54 /* HelloCordova.app */;
			productType = "com.apple.product-type.application";
		};
/* End PBXNativeTarget section */

/* Begin PBXProject section */
		29B97313FDCFA39411CA2CEA /* Project object */ = {
			isa = PBXProject;
			attributes = {
				LastUpgradeCheck = 1120;
				TargetAttributes = {
					1D6058900D05DD3D006BFB54 = {
						DevelopmentTeam = 7M94FBME6F;
					};
				};
			};
			buildConfigurationList = C01FCF4E08A954540054247B /* Build configuration list for PBXProject "HelloCordova" */;
			compatibilityVersion = "Xcode 3.2";
			developmentRegion = en;
			hasScannedForEncodings = 1;
			knownRegions = (
				en,
				Base,
				de,
				"zh-Hans",
				ja,
				nb,
				"en-GB",
				es,
				da,
				it,
				"nn-NO",
				"fr-CA",
				sv,
				"es-AR",
				ko,
				tr,
				"pt-BR",
				ru,
				fr,
				fi,
				nl,
				"pt-PT",
			);
			mainGroup = 29B97314FDCFA39411CA2CEA /* CustomTemplate */;
			productRefGroup = 19C28FACFE9D520D11CA2CBB /* Products */;
			projectDirPath = "";
			projectRoot = "";
			targets = (
				1D6058900D05DD3D006BFB54 /* HelloCordova */,
			);
		};
/* End PBXProject section */

/* Begin PBXResourcesBuildPhase section */
		1D60588D0D05DD3D006BFB54 /* Resources */ = {
			isa = PBXResourcesBuildPhase;
			buildActionMask = 2147483647;
			files = (
				302D95F214D2391D003F00A1 /* MainViewController.xib in Resources */,
				0207DA581B56EA530066E2B4 /* Images.xcassets in Resources */,
				6AFF5BF91D6E424B00AB3073 /* CDVLaunchScreen.storyboard in Resources */,
			);
			runOnlyForDeploymentPostprocessing = 0;
		};
/* End PBXResourcesBuildPhase section */

/* Begin PBXShellScriptBuildPhase section */
		304B58A110DAC018002A0835 /* Copy www directory */ = {
			isa = PBXShellScriptBuildPhase;
			buildActionMask = 2147483647;
			files = (
			);
			inputPaths = (
			);
			name = "Copy www directory";
			outputPaths = (
			);
			runOnlyForDeploymentPostprocessing = 0;
			shellPath = /bin/sh;
			shellScript = "\"$SRCROOT/HelloCordova/Scripts/copy-www-build-step.sh\"";
			showEnvVarsInLog = 0;
		};
		B5C65D698BD05A9C8FB72535 /* [CP] Copy Pods Resources */ = {
			isa = PBXShellScriptBuildPhase;
			buildActionMask = 2147483647;
			files = (
			);
			inputPaths = (
				"${PODS_ROOT}/Target Support Files/Pods-HelloCordova/Pods-HelloCordova-resources.sh",
				"${PODS_ROOT}/Stripe/InternalFrameworks/Stripe3DS2.bundle",
				"${PODS_CONFIGURATION_BUILD_DIR}/Stripe/Stripe.bundle",
			);
			name = "[CP] Copy Pods Resources";
			outputPaths = (
				"${TARGET_BUILD_DIR}/${UNLOCALIZED_RESOURCES_FOLDER_PATH}/Stripe3DS2.bundle",
				"${TARGET_BUILD_DIR}/${UNLOCALIZED_RESOURCES_FOLDER_PATH}/Stripe.bundle",
			);
			runOnlyForDeploymentPostprocessing = 0;
			shellPath = /bin/sh;
			shellScript = "\"${PODS_ROOT}/Target Support Files/Pods-HelloCordova/Pods-HelloCordova-resources.sh\"\n";
			showEnvVarsInLog = 0;
		};
		FE0A4BB5356842A32728E8D1 /* [CP] Check Pods Manifest.lock */ = {
			isa = PBXShellScriptBuildPhase;
			buildActionMask = 2147483647;
			files = (
			);
			inputFileListPaths = (
			);
			inputPaths = (
				"${PODS_PODFILE_DIR_PATH}/Podfile.lock",
				"${PODS_ROOT}/Manifest.lock",
			);
			name = "[CP] Check Pods Manifest.lock";
			outputFileListPaths = (
			);
			outputPaths = (
				"$(DERIVED_FILE_DIR)/Pods-HelloCordova-checkManifestLockResult.txt",
			);
			runOnlyForDeploymentPostprocessing = 0;
			shellPath = /bin/sh;
			shellScript = "diff \"${PODS_PODFILE_DIR_PATH}/Podfile.lock\" \"${PODS_ROOT}/Manifest.lock\" > /dev/null\nif [ $? != 0 ] ; then\n    # print error to STDERR\n    echo \"error: The sandbox is not in sync with the Podfile.lock. Run 'pod install' or update your CocoaPods installation.\" >&2\n    exit 1\nfi\n# This output is used by Xcode 'outputs' to avoid re-running this script phase.\necho \"SUCCESS\" > \"${SCRIPT_OUTPUT_FILE_0}\"\n";
			showEnvVarsInLog = 0;
		};
/* End PBXShellScriptBuildPhase section */

/* Begin PBXSourcesBuildPhase section */
		1D60588E0D05DD3D006BFB54 /* Sources */ = {
			isa = PBXSourcesBuildPhase;
			buildActionMask = 2147483647;
			files = (
				17AA594623EBC1BC00A59D93 /* CDVStripeAlipay.m in Sources */,
				1729113B23EAF92700FC1BD5 /* CDVAppDelegate.m in Sources */,
				1729113923EAF92700FC1BD5 /* CDVCommandDelegateImpl.m in Sources */,
				1729113723EAF92700FC1BD5 /* CDVInvokedUrlCommand.m in Sources */,
				1729113C23EAF92700FC1BD5 /* CDVURLProtocol.m in Sources */,
				1729113D23EAF92700FC1BD5 /* CDVUserAgentUtil.m in Sources */,
				1729113E23EAF92700FC1BD5 /* CDVWhitelist.m in Sources */,
				1729113F23EAF92700FC1BD5 /* CDVPluginResult.m in Sources */,
				1729113823EAF92700FC1BD5 /* CDVPlugin+Resources.m in Sources */,
				1729114523EAF92700FC1BD5 /* CDVHandleOpenURL.m in Sources */,
				1D60589B0D05DD56006BFB54 /* main.m in Sources */,
				1729114423EAF92700FC1BD5 /* CDVIntentAndNavigationFilter.m in Sources */,
				1729114123EAF92700FC1BD5 /* CDVViewController.m in Sources */,
				1729114023EAF92700FC1BD5 /* CDVConfigParser.m in Sources */,
				1729114223EAF92700FC1BD5 /* NSMutableArray+QueueAdditions.m in Sources */,
				1729113423EAF92700FC1BD5 /* NSDictionary+CordovaPreferences.m in Sources */,
				1729114823EAF92700FC1BD5 /* CDVUIWebViewDelegate.m in Sources */,
				1D3623260D0F684500981E51 /* AppDelegate.m in Sources */,
				1729114723EAF92700FC1BD5 /* CDVLocalStorage.m in Sources */,
				1729113A23EAF92700FC1BD5 /* CDVTimer.m in Sources */,
				1729114323EAF92700FC1BD5 /* CDVGestureHandler.m in Sources */,
				1729113523EAF92700FC1BD5 /* CDVPlugin.m in Sources */,
				1729114A23EAF92700FC1BD5 /* CDVUIWebViewEngine.m in Sources */,
				302D95F114D2391D003F00A1 /* MainViewController.m in Sources */,
				1729114623EAF92700FC1BD5 /* CDVLogger.m in Sources */,
				1729114B23EAF92700FC1BD5 /* CDVJSON_private.m in Sources */,
				1729114923EAF92700FC1BD5 /* CDVUIWebViewNavigationDelegate.m in Sources */,
				1729113623EAF92700FC1BD5 /* CDVCommandQueue.m in Sources */,
			);
			runOnlyForDeploymentPostprocessing = 0;
		};
/* End PBXSourcesBuildPhase section */

/* Begin XCBuildConfiguration section */
		1D6058940D05DD3E006BFB54 /* Debug */ = {
			isa = XCBuildConfiguration;
			baseConfigurationReference = 3047A50F1AB8059700498E2A /* build-debug.xcconfig */;
			buildSettings = {
				ALWAYS_SEARCH_USER_PATHS = NO;
				ASSETCATALOG_COMPILER_APPICON_NAME = AppIcon;
				ASSETCATALOG_COMPILER_LAUNCHIMAGE_NAME = LaunchImage;
				CLANG_ENABLE_MODULES = YES;
				CLANG_ENABLE_OBJC_ARC = YES;
				COPY_PHASE_STRIP = NO;
				DEVELOPMENT_TEAM = 7M94FBME6F;
				ENABLE_BITCODE = YES;
				GCC_DYNAMIC_NO_PIC = NO;
				GCC_OPTIMIZATION_LEVEL = 0;
				GCC_PRECOMPILE_PREFIX_HEADER = YES;
				GCC_PREFIX_HEADER = "HelloCordova/HelloCordova-Prefix.pch";
				GCC_THUMB_SUPPORT = NO;
				GCC_VERSION = "";
				HEADER_SEARCH_PATHS = (
					"$(inherited)",
					"\"$(TARGET_BUILD_DIR)/usr/local/lib/include\"",
					"\"$(OBJROOT)/UninstalledProducts/include\"",
					"\"$(OBJROOT)/UninstalledProducts/$(PLATFORM_NAME)/include\"",
					"\"$(BUILT_PRODUCTS_DIR)\"",
					"\"$(SRCROOT)/Pods\"",
					"\"${PODS_ROOT}/Headers/Public/Stripe\"",
					"\"${PODS_ROOT}/Headers/Public\"",
				);
				INFOPLIST_FILE = "HelloCordova/HelloCordova-Info.plist";
				IPHONEOS_DEPLOYMENT_TARGET = 10.0;
				LD_RUNPATH_SEARCH_PATHS = "@executable_path/Frameworks";
				LIBRARY_SEARCH_PATHS = (
					"$(inherited)",
					"\"${PODS_CONFIGURATION_BUILD_DIR}/Stripe\"",
					"\"${PODS_ROOT}/Stripe/InternalFrameworks\"",
				);
				OTHER_LDFLAGS = (
					"$(inherited)",
					"-ObjC",
					"-l\"Stripe\"",
					"-l\"Stripe3DS2\"",
				);
				PODS_BUILD_DIR = $BUILD_DIR;
				PODS_CONFIGURATION_BUILD_DIR = "$PODS_BUILD_DIR/$(CONFIGURATION)$(EFFECTIVE_PLATFORM_NAME)";
				PODS_PODFILE_DIR_PATH = "${SRCROOT}/.";
				PODS_ROOT = "${SRCROOT}/Pods";
				PRODUCT_BUNDLE_IDENTIFIER = io.cordova.hellocordovass;
				PRODUCT_NAME = "$(TARGET_NAME)";
				TARGETED_DEVICE_FAMILY = "1,2";
			};
			name = Debug;
		};
		1D6058950D05DD3E006BFB54 /* Release */ = {
			isa = XCBuildConfiguration;
			baseConfigurationReference = 3047A5101AB8059700498E2A /* build-release.xcconfig */;
			buildSettings = {
				ALWAYS_SEARCH_USER_PATHS = NO;
				ASSETCATALOG_COMPILER_APPICON_NAME = AppIcon;
				ASSETCATALOG_COMPILER_LAUNCHIMAGE_NAME = LaunchImage;
				CLANG_ENABLE_MODULES = YES;
				CLANG_ENABLE_OBJC_ARC = YES;
				CODE_SIGN_IDENTITY = "Apple Development";
				CODE_SIGN_STYLE = Automatic;
				COPY_PHASE_STRIP = YES;
				DEVELOPMENT_TEAM = 7M94FBME6F;
				ENABLE_BITCODE = YES;
				GCC_PRECOMPILE_PREFIX_HEADER = YES;
				GCC_PREFIX_HEADER = "HelloCordova/HelloCordova-Prefix.pch";
				GCC_THUMB_SUPPORT = NO;
				GCC_VERSION = "";
				HEADER_SEARCH_PATHS = (
					"$(inherited)",
					"\"$(TARGET_BUILD_DIR)/usr/local/lib/include\"",
					"\"$(OBJROOT)/UninstalledProducts/include\"",
					"\"$(OBJROOT)/UninstalledProducts/$(PLATFORM_NAME)/include\"",
					"\"$(BUILT_PRODUCTS_DIR)\"",
					"\"$(SRCROOT)/Pods\"",
					"\"${PODS_ROOT}/Headers/Public/Stripe\"",
					"\"${PODS_ROOT}/Headers/Public\"",
				);
				INFOPLIST_FILE = "HelloCordova/HelloCordova-Info.plist";
				IPHONEOS_DEPLOYMENT_TARGET = 10.0;
				LD_RUNPATH_SEARCH_PATHS = "@executable_path/Frameworks";
				LIBRARY_SEARCH_PATHS = (
					"$(inherited)",
					"\"${PODS_CONFIGURATION_BUILD_DIR}/Stripe\"",
					"\"${PODS_ROOT}/Stripe/InternalFrameworks\"",
				);
				OTHER_LDFLAGS = (
					"$(inherited)",
					"-ObjC",
					"-l\"Stripe\"",
					"-l\"Stripe3DS2\"",
				);
				PODS_BUILD_DIR = $BUILD_DIR;
				PODS_CONFIGURATION_BUILD_DIR = "$PODS_BUILD_DIR/$(CONFIGURATION)$(EFFECTIVE_PLATFORM_NAME)";
				PODS_PODFILE_DIR_PATH = "${SRCROOT}/.";
				PODS_ROOT = "${SRCROOT}/Pods";
				PRODUCT_BUNDLE_IDENTIFIER = io.cordova.hellocordovass;
				PRODUCT_NAME = "$(TARGET_NAME)";
				PROVISIONING_PROFILE_SPECIFIER = "";
				TARGETED_DEVICE_FAMILY = "1,2";
			};
			name = Release;
		};
		C01FCF4F08A954540054247B /* Debug */ = {
			isa = XCBuildConfiguration;
			baseConfigurationReference = 3047A5111AB8059700498E2A /* build.xcconfig */;
			buildSettings = {
				CLANG_ANALYZER_LOCALIZABILITY_NONLOCALIZED = YES;
				CLANG_ENABLE_MODULES = YES;
				CLANG_ENABLE_OBJC_ARC = YES;
				CLANG_WARN_BLOCK_CAPTURE_AUTORELEASING = YES;
				CLANG_WARN_BOOL_CONVERSION = YES;
				CLANG_WARN_COMMA = YES;
				CLANG_WARN_CONSTANT_CONVERSION = YES;
				CLANG_WARN_DEPRECATED_OBJC_IMPLEMENTATIONS = YES;
				CLANG_WARN_EMPTY_BODY = YES;
				CLANG_WARN_ENUM_CONVERSION = YES;
				CLANG_WARN_INFINITE_RECURSION = YES;
				CLANG_WARN_INT_CONVERSION = YES;
				CLANG_WARN_NON_LITERAL_NULL_CONVERSION = YES;
				CLANG_WARN_OBJC_IMPLICIT_RETAIN_SELF = YES;
				CLANG_WARN_OBJC_LITERAL_CONVERSION = YES;
				CLANG_WARN_RANGE_LOOP_ANALYSIS = YES;
				CLANG_WARN_STRICT_PROTOTYPES = YES;
				CLANG_WARN_SUSPICIOUS_MOVE = YES;
				CLANG_WARN_UNREACHABLE_CODE = YES;
				CLANG_WARN__DUPLICATE_METHOD_MATCH = YES;
				ENABLE_STRICT_OBJC_MSGSEND = YES;
				ENABLE_TESTABILITY = YES;
				GCC_C_LANGUAGE_STANDARD = c99;
				GCC_NO_COMMON_BLOCKS = YES;
				GCC_THUMB_SUPPORT = NO;
				GCC_VERSION = "";
				GCC_WARN_64_TO_32_BIT_CONVERSION = YES;
				GCC_WARN_ABOUT_RETURN_TYPE = YES;
				GCC_WARN_UNDECLARED_SELECTOR = YES;
				GCC_WARN_UNINITIALIZED_AUTOS = YES;
				GCC_WARN_UNUSED_FUNCTION = YES;
				GCC_WARN_UNUSED_VARIABLE = YES;
				ONLY_ACTIVE_ARCH = YES;
				PRODUCT_BUNDLE_IDENTIFIER = io.cordova.hellocordova;
				SDKROOT = iphoneos;
				SKIP_INSTALL = NO;
				WK_WEB_VIEW_ONLY = 0;
			};
			name = Debug;
		};
		C01FCF5008A954540054247B /* Release */ = {
			isa = XCBuildConfiguration;
			baseConfigurationReference = 3047A5111AB8059700498E2A /* build.xcconfig */;
			buildSettings = {
				CLANG_ANALYZER_LOCALIZABILITY_NONLOCALIZED = YES;
				CLANG_ENABLE_MODULES = YES;
				CLANG_ENABLE_OBJC_ARC = YES;
				CLANG_WARN_BLOCK_CAPTURE_AUTORELEASING = YES;
				CLANG_WARN_BOOL_CONVERSION = YES;
				CLANG_WARN_COMMA = YES;
				CLANG_WARN_CONSTANT_CONVERSION = YES;
				CLANG_WARN_DEPRECATED_OBJC_IMPLEMENTATIONS = YES;
				CLANG_WARN_EMPTY_BODY = YES;
				CLANG_WARN_ENUM_CONVERSION = YES;
				CLANG_WARN_INFINITE_RECURSION = YES;
				CLANG_WARN_INT_CONVERSION = YES;
				CLANG_WARN_NON_LITERAL_NULL_CONVERSION = YES;
				CLANG_WARN_OBJC_IMPLICIT_RETAIN_SELF = YES;
				CLANG_WARN_OBJC_LITERAL_CONVERSION = YES;
				CLANG_WARN_RANGE_LOOP_ANALYSIS = YES;
				CLANG_WARN_STRICT_PROTOTYPES = YES;
				CLANG_WARN_SUSPICIOUS_MOVE = YES;
				CLANG_WARN_UNREACHABLE_CODE = YES;
				CLANG_WARN__DUPLICATE_METHOD_MATCH = YES;
				ENABLE_STRICT_OBJC_MSGSEND = YES;
				GCC_C_LANGUAGE_STANDARD = c99;
				GCC_NO_COMMON_BLOCKS = YES;
				GCC_THUMB_SUPPORT = NO;
				GCC_VERSION = "";
				GCC_WARN_64_TO_32_BIT_CONVERSION = YES;
				GCC_WARN_ABOUT_RETURN_TYPE = YES;
				GCC_WARN_UNDECLARED_SELECTOR = YES;
				GCC_WARN_UNINITIALIZED_AUTOS = YES;
				GCC_WARN_UNUSED_FUNCTION = YES;
				GCC_WARN_UNUSED_VARIABLE = YES;
				PRODUCT_BUNDLE_IDENTIFIER = io.cordova.hellocordova;
				SDKROOT = iphoneos;
				SKIP_INSTALL = NO;
				WK_WEB_VIEW_ONLY = 0;
			};
			name = Release;
		};
/* End XCBuildConfiguration section */

/* Begin XCConfigurationList section */
		1D6058960D05DD3E006BFB54 /* Build configuration list for PBXNativeTarget "HelloCordova" */ = {
			isa = XCConfigurationList;
			buildConfigurations = (
				1D6058940D05DD3E006BFB54 /* Debug */,
				1D6058950D05DD3E006BFB54 /* Release */,
			);
			defaultConfigurationIsVisible = 0;
			defaultConfigurationName = Release;
		};
		C01FCF4E08A954540054247B /* Build configuration list for PBXProject "HelloCordova" */ = {
			isa = XCConfigurationList;
			buildConfigurations = (
				C01FCF4F08A954540054247B /* Debug */,
				C01FCF5008A954540054247B /* Release */,
			);
			defaultConfigurationIsVisible = 0;
			defaultConfigurationName = Release;
		};
/* End XCConfigurationList section */
	};
	rootObject = 29B97313FDCFA39411CA2CEA /* Project object */;
}
